// !$*UTF8*$!
{
	archiveVersion = 1;
	classes = {
	};
	objectVersion = 56;
	objects = {

/* Begin PBXBuildFile section */
		1A0000010000000000000001 /* ZhzSwitchApp.swift in Sources */ = {isa = PBXBuildFile; fileRef = 1A0000010000000000000101 /* ZhzSwitchApp.swift */; };
		1A0000010000000000000002 /* MainWindowView.swift in Sources */ = {isa = PBXBuildFile; fileRef = 1A0000010000000000000102 /* MainWindowView.swift */; };
		1A0000010000000000000003 /* TargetAdapter.swift in Sources */ = {isa = PBXBuildFile; fileRef = 1A0000010000000000000103 /* TargetAdapter.swift */; };
		1A0000010000000000000004 /* SwitchError.swift in Sources */ = {isa = PBXBuildFile; fileRef = 1A0000010000000000000104 /* SwitchError.swift */; };
		1A0000010000000000000005 /* TargetApp.swift in Sources */ = {isa = PBXBuildFile; fileRef = 1A0000010000000000000105 /* TargetApp.swift */; };
		1A0000010000000000000006 /* SwitchService.swift in Sources */ = {isa = PBXBuildFile; fileRef = 1A0000010000000000000106 /* SwitchService.swift */; };
		1A0000010000000000000007 /* SubscriptionProfile.swift in Sources */ = {isa = PBXBuildFile; fileRef = 1A0000010000000000000107 /* SubscriptionProfile.swift */; };
		1A0000010000000000000008 /* FileTargetAdapter.swift in Sources */ = {isa = PBXBuildFile; fileRef = 1A0000010000000000000108 /* FileTargetAdapter.swift */; };
		1A0000010000000000000009 /* ProfileRepository.swift in Sources */ = {isa = PBXBuildFile; fileRef = 1A0000010000000000000109 /* ProfileRepository.swift */; };
		1A000001000000000000000A /* ProviderProfile.swift in Sources */ = {isa = PBXBuildFile; fileRef = 1A000001000000000000010A /* ProviderProfile.swift */; };
		1A000001000000000000000B /* ProviderRepository.swift in Sources */ = {isa = PBXBuildFile; fileRef = 1A000001000000000000010B /* ProviderRepository.swift */; };
		1A000001000000000000000C /* ProviderListStore.swift in Sources */ = {isa = PBXBuildFile; fileRef = 1A000001000000000000010C /* ProviderListStore.swift */; };
		1A000001000000000000000D /* SidebarView.swift in Sources */ = {isa = PBXBuildFile; fileRef = 1A0000010000000000000113 /* SidebarView.swift */; };
		1A000001000000000000000E /* GlassComponents.swift in Sources */ = {isa = PBXBuildFile; fileRef = 1A0000010000000000000114 /* GlassComponents.swift */; };
		1A000001000000000000000F /* DashboardComponents.swift in Sources */ = {isa = PBXBuildFile; fileRef = 1A0000010000000000000115 /* DashboardComponents.swift */; };
		1A0000010000000000000019 /* NativeLiquidGlassCard.swift in Sources */ = {isa = PBXBuildFile; fileRef = 1A000001000000000000011F /* NativeLiquidGlassCard.swift */; };
		1A000001000000000000001B /* NativeLiquidGlassButton.swift in Sources */ = {isa = PBXBuildFile; fileRef = 1A0000010000000000000121 /* NativeLiquidGlassButton.swift */; };
		1A000001000000000000001D /* NativeLiquidGlassContainer.swift in Sources */ = {isa = PBXBuildFile; fileRef = 1A0000010000000000000123 /* NativeLiquidGlassContainer.swift */; };
		1A0000010000000000000014 /* ConfigurationDashboardView.swift in Sources */ = {isa = PBXBuildFile; fileRef = 1A000001000000000000011A /* ConfigurationDashboardView.swift */; };
		1A0000010000000000000010 /* ProvidersDashboardView.swift in Sources */ = {isa = PBXBuildFile; fileRef = 1A0000010000000000000116 /* ProvidersDashboardView.swift */; };
		1A0000010000000000000011 /* UsageDashboardView.swift in Sources */ = {isa = PBXBuildFile; fileRef = 1A0000010000000000000117 /* UsageDashboardView.swift */; };
		1A0000010000000000000012 /* OtherDashboardViews.swift in Sources */ = {isa = PBXBuildFile; fileRef = 1A0000010000000000000118 /* OtherDashboardViews.swift */; };
		1A0000010000000000000013 /* ProviderEditorView.swift in Sources */ = {isa = PBXBuildFile; fileRef = 1A0000010000000000000119 /* ProviderEditorView.swift */; };
		1A0000010000000000000015 /* Assets.xcassets in Resources */ = {isa = PBXBuildFile; fileRef = 1A000001000000000000011B /* Assets.xcassets */; };
		1A0000010000000000000016 /* SkillRepository.swift in Sources */ = {isa = PBXBuildFile; fileRef = 1A000001000000000000011C /* SkillRepository.swift */; };
		1A0000010000000000000017 /* SkillListStore.swift in Sources */ = {isa = PBXBuildFile; fileRef = 1A000001000000000000011D /* SkillListStore.swift */; };
		1A0000010000000000000018 /* SkillsDashboardView.swift in Sources */ = {isa = PBXBuildFile; fileRef = 1A000001000000000000011E /* SkillsDashboardView.swift */; };
		1A000001000000000000001C /* AppBackground.swift in Sources */ = {isa = PBXBuildFile; fileRef = 1A0000010000000000000122 /* AppBackground.swift */; };
		1A000001000000000000001A /* test.png in Resources */ = {isa = PBXBuildFile; fileRef = 1A0000010000000000000120 /* test.png */; };
/* End PBXBuildFile section */

/* Begin PBXFileReference section */
		1A0000010000000000000101 /* ZhzSwitchApp.swift */ = {isa = PBXFileReference; lastKnownFileType = sourcecode.swift; path = ZhzSwitchApp.swift; sourceTree = "<group>"; };
		1A0000010000000000000102 /* MainWindowView.swift */ = {isa = PBXFileReference; lastKnownFileType = sourcecode.swift; path = MainWindowView.swift; sourceTree = "<group>"; };
		1A0000010000000000000103 /* TargetAdapter.swift */ = {isa = PBXFileReference; lastKnownFileType = sourcecode.swift; path = TargetAdapter.swift; sourceTree = "<group>"; };
		1A0000010000000000000104 /* SwitchError.swift */ = {isa = PBXFileReference; lastKnownFileType = sourcecode.swift; path = SwitchError.swift; sourceTree = "<group>"; };
		1A0000010000000000000105 /* TargetApp.swift */ = {isa = PBXFileReference; lastKnownFileType = sourcecode.swift; path = TargetApp.swift; sourceTree = "<group>"; };
		1A0000010000000000000106 /* SwitchService.swift */ = {isa = PBXFileReference; lastKnownFileType = sourcecode.swift; path = SwitchService.swift; sourceTree = "<group>"; };
		1A0000010000000000000107 /* SubscriptionProfile.swift */ = {isa = PBXFileReference; lastKnownFileType = sourcecode.swift; path = SubscriptionProfile.swift; sourceTree = "<group>"; };
		1A0000010000000000000108 /* FileTargetAdapter.swift */ = {isa = PBXFileReference; lastKnownFileType = sourcecode.swift; path = FileTargetAdapter.swift; sourceTree = "<group>"; };
		1A0000010000000000000109 /* ProfileRepository.swift */ = {isa = PBXFileReference; lastKnownFileType = sourcecode.swift; path = ProfileRepository.swift; sourceTree = "<group>"; };
		1A000001000000000000010A /* ProviderProfile.swift */ = {isa = PBXFileReference; lastKnownFileType = sourcecode.swift; path = ProviderProfile.swift; sourceTree = "<group>"; };
		1A000001000000000000010B /* ProviderRepository.swift */ = {isa = PBXFileReference; lastKnownFileType = sourcecode.swift; path = ProviderRepository.swift; sourceTree = "<group>"; };
		1A000001000000000000010C /* ProviderListStore.swift */ = {isa = PBXFileReference; lastKnownFileType = sourcecode.swift; path = ProviderListStore.swift; sourceTree = "<group>"; };
		1A0000010000000000000111 /* README.md */ = {isa = PBXFileReference; lastKnownFileType = net.daringfireball.markdown; path = README.md; sourceTree = "<group>"; };
		1A0000010000000000000113 /* SidebarView.swift */ = {isa = PBXFileReference; lastKnownFileType = sourcecode.swift; path = SidebarView.swift; sourceTree = "<group>"; };
		1A0000010000000000000114 /* GlassComponents.swift */ = {isa = PBXFileReference; lastKnownFileType = sourcecode.swift; path = GlassComponents.swift; sourceTree = "<group>"; };
		1A0000010000000000000115 /* DashboardComponents.swift */ = {isa = PBXFileReference; lastKnownFileType = sourcecode.swift; path = DashboardComponents.swift; sourceTree = "<group>"; };
		1A000001000000000000011F /* NativeLiquidGlassCard.swift */ = {isa = PBXFileReference; lastKnownFileType = sourcecode.swift; path = NativeLiquidGlassCard.swift; sourceTree = "<group>"; };
		1A0000010000000000000121 /* NativeLiquidGlassButton.swift */ = {isa = PBXFileReference; lastKnownFileType = sourcecode.swift; path = NativeLiquidGlassButton.swift; sourceTree = "<group>"; };
		1A0000010000000000000123 /* NativeLiquidGlassContainer.swift */ = {isa = PBXFileReference; lastKnownFileType = sourcecode.swift; path = NativeLiquidGlassContainer.swift; sourceTree = "<group>"; };
		1A000001000000000000011A /* ConfigurationDashboardView.swift */ = {isa = PBXFileReference; lastKnownFileType = sourcecode.swift; path = ConfigurationDashboardView.swift; sourceTree = "<group>"; };
		1A0000010000000000000116 /* ProvidersDashboardView.swift */ = {isa = PBXFileReference; lastKnownFileType = sourcecode.swift; path = ProvidersDashboardView.swift; sourceTree = "<group>"; };
		1A0000010000000000000117 /* UsageDashboardView.swift */ = {isa = PBXFileReference; lastKnownFileType = sourcecode.swift; path = UsageDashboardView.swift; sourceTree = "<group>"; };
		1A0000010000000000000118 /* OtherDashboardViews.swift */ = {isa = PBXFileReference; lastKnownFileType = sourcecode.swift; path = OtherDashboardViews.swift; sourceTree = "<group>"; };
		1A0000010000000000000119 /* ProviderEditorView.swift */ = {isa = PBXFileReference; lastKnownFileType = sourcecode.swift; path = ProviderEditorView.swift; sourceTree = "<group>"; };
		1A000001000000000000011B /* Assets.xcassets */ = {isa = PBXFileReference; lastKnownFileType = folder.assetcatalog; path = Assets.xcassets; sourceTree = "<group>"; };
		1A000001000000000000011C /* SkillRepository.swift */ = {isa = PBXFileReference; lastKnownFileType = sourcecode.swift; path = SkillRepository.swift; sourceTree = "<group>"; };
		1A000001000000000000011D /* SkillListStore.swift */ = {isa = PBXFileReference; lastKnownFileType = sourcecode.swift; path = SkillListStore.swift; sourceTree = "<group>"; };
		1A000001000000000000011E /* SkillsDashboardView.swift */ = {isa = PBXFileReference; lastKnownFileType = sourcecode.swift; path = SkillsDashboardView.swift; sourceTree = "<group>"; };
		1A0000010000000000000122 /* AppBackground.swift */ = {isa = PBXFileReference; lastKnownFileType = sourcecode.swift; path = AppBackground.swift; sourceTree = "<group>"; };
		1A0000010000000000000120 /* test.png */ = {isa = PBXFileReference; lastKnownFileType = image.png; path = test.png; sourceTree = "<group>"; };
		1A0000010000000000000112 /* zhz swich.app */ = {isa = PBXFileReference; explicitFileType = wrapper.application; includeInIndex = 0; path = "zhz swich.app"; sourceTree = BUILT_PRODUCTS_DIR; };
/* End PBXFileReference section */

/* Begin PBXFrameworksBuildPhase section */
		1A0000010000000000000201 /* Frameworks */ = {
			isa = PBXFrameworksBuildPhase;
			buildActionMask = 2147483647;
			files = (
			);
			runOnlyForDeploymentPostprocessing = 0;
		};
/* End PBXFrameworksBuildPhase section */

/* Begin PBXGroup section */
		1A0000010000000000000301 = {
			isa = PBXGroup;
			children = (
				1A0000010000000000000302 /* Sources */,
				1A0000010000000000000111 /* README.md */,
				1A0000010000000000000120 /* test.png */,
				1A0000010000000000000305 /* Products */,
			);
			sourceTree = "<group>";
		};
		1A0000010000000000000302 /* Sources */ = {
			isa = PBXGroup;
			children = (
				1A0000010000000000000303 /* ZhzSwitchApp */,
				1A0000010000000000000304 /* ZhzSwitchCore */,
			);
			path = Sources;
			sourceTree = "<group>";
		};
		1A0000010000000000000303 /* ZhzSwitchApp */ = {
			isa = PBXGroup;
			children = (
				1A0000010000000000000101 /* ZhzSwitchApp.swift */,
				1A0000010000000000000102 /* MainWindowView.swift */,
				1A0000010000000000000122 /* AppBackground.swift */,
				1A0000010000000000000113 /* SidebarView.swift */,
				1A0000010000000000000114 /* GlassComponents.swift */,
				1A0000010000000000000115 /* DashboardComponents.swift */,
				1A000001000000000000011F /* NativeLiquidGlassCard.swift */,
				1A0000010000000000000121 /* NativeLiquidGlassButton.swift */,
				1A0000010000000000000123 /* NativeLiquidGlassContainer.swift */,
				1A000001000000000000011A /* ConfigurationDashboardView.swift */,
				1A0000010000000000000116 /* ProvidersDashboardView.swift */,
				1A0000010000000000000117 /* UsageDashboardView.swift */,
				1A0000010000000000000118 /* OtherDashboardViews.swift */,
				1A0000010000000000000119 /* ProviderEditorView.swift */,
				1A000001000000000000010C /* ProviderListStore.swift */,
				1A000001000000000000011D /* SkillListStore.swift */,
				1A000001000000000000011E /* SkillsDashboardView.swift */,
				1A000001000000000000011B /* Assets.xcassets */,
			);
			path = ZhzSwitchApp;
			sourceTree = "<group>";
		};
		1A0000010000000000000304 /* ZhzSwitchCore */ = {
			isa = PBXGroup;
			children = (
				1A0000010000000000000103 /* TargetAdapter.swift */,
				1A0000010000000000000104 /* SwitchError.swift */,
				1A0000010000000000000105 /* TargetApp.swift */,
				1A0000010000000000000106 /* SwitchService.swift */,
				1A0000010000000000000107 /* SubscriptionProfile.swift */,
				1A0000010000000000000108 /* FileTargetAdapter.swift */,
				1A0000010000000000000109 /* ProfileRepository.swift */,
				1A000001000000000000010A /* ProviderProfile.swift */,
				1A000001000000000000010B /* ProviderRepository.swift */,
				1A000001000000000000011C /* SkillRepository.swift */,
			);
			path = ZhzSwitchCore;
			sourceTree = "<group>";
		};
		1A0000010000000000000305 /* Products */ = {
			isa = PBXGroup;
			children = (
				1A0000010000000000000112 /* zhz swich.app */,
			);
			name = Products;
			sourceTree = "<group>";
		};
/* End PBXGroup section */

/* Begin PBXNativeTarget section */
		1A0000010000000000000401 /* ZhzSwitchApp */ = {
			isa = PBXNativeTarget;
			buildConfigurationList = 1A0000010000000000000702 /* Build configuration list for PBXNativeTarget "ZhzSwitchApp" */;
			buildPhases = (
				1A0000010000000000000203 /* Sources */,
				1A0000010000000000000201 /* Frameworks */,
				1A0000010000000000000202 /* Resources */,
			);
			buildRules = (
			);
			dependencies = (
			);
			name = ZhzSwitchApp;
			productName = "zhz swich";
			productReference = 1A0000010000000000000112 /* zhz swich.app */;
			productType = "com.apple.product-type.application";
		};
/* End PBXNativeTarget section */

/* Begin PBXProject section */
		1A0000010000000000000501 /* Project object */ = {
			isa = PBXProject;
			attributes = {
				BuildIndependentTargetsInParallel = 1;
				LastSwiftUpdateCheck = 2630;
				LastUpgradeCheck = 2630;
				TargetAttributes = {
					1A0000010000000000000401 = {
						CreatedOnToolsVersion = 26.3;
					};
				};
			};
			buildConfigurationList = 1A0000010000000000000701 /* Build configuration list for PBXProject "ZhzSwitch" */;
			compatibilityVersion = "Xcode 15.0";
			developmentRegion = zh_CN;
			hasScannedForEncodings = 0;
			knownRegions = (
				zh_CN,
				en,
				Base,
			);
			mainGroup = 1A0000010000000000000301;
			productRefGroup = 1A0000010000000000000305 /* Products */;
			projectDirPath = "";
			projectRoot = "";
			targets = (
				1A0000010000000000000401 /* ZhzSwitchApp */,
			);
		};
/* End PBXProject section */

/* Begin PBXResourcesBuildPhase section */
		1A0000010000000000000202 /* Resources */ = {
			isa = PBXResourcesBuildPhase;
			buildActionMask = 2147483647;
			files = (
				1A0000010000000000000015 /* Assets.xcassets in Resources */,
				1A000001000000000000001A /* test.png in Resources */,
			);
			runOnlyForDeploymentPostprocessing = 0;
		};
/* End PBXResourcesBuildPhase section */

/* Begin PBXSourcesBuildPhase section */
		1A0000010000000000000203 /* Sources */ = {
			isa = PBXSourcesBuildPhase;
			buildActionMask = 2147483647;
			files = (
				1A0000010000000000000001 /* ZhzSwitchApp.swift in Sources */,
				1A0000010000000000000002 /* MainWindowView.swift in Sources */,
				1A000001000000000000001C /* AppBackground.swift in Sources */,
				1A0000010000000000000003 /* TargetAdapter.swift in Sources */,
				1A0000010000000000000004 /* SwitchError.swift in Sources */,
				1A0000010000000000000005 /* TargetApp.swift in Sources */,
				1A0000010000000000000006 /* SwitchService.swift in Sources */,
				1A0000010000000000000007 /* SubscriptionProfile.swift in Sources */,
				1A0000010000000000000008 /* FileTargetAdapter.swift in Sources */,
				1A0000010000000000000009 /* ProfileRepository.swift in Sources */,
				1A000001000000000000000A /* ProviderProfile.swift in Sources */,
				1A000001000000000000000B /* ProviderRepository.swift in Sources */,
				1A000001000000000000000C /* ProviderListStore.swift in Sources */,
				1A000001000000000000000D /* SidebarView.swift in Sources */,
				1A000001000000000000000E /* GlassComponents.swift in Sources */,
				1A000001000000000000000F /* DashboardComponents.swift in Sources */,
				1A0000010000000000000019 /* NativeLiquidGlassCard.swift in Sources */,
				1A000001000000000000001B /* NativeLiquidGlassButton.swift in Sources */,
				1A000001000000000000001D /* NativeLiquidGlassContainer.swift in Sources */,
				1A0000010000000000000014 /* ConfigurationDashboardView.swift in Sources */,
				1A0000010000000000000010 /* ProvidersDashboardView.swift in Sources */,
				1A0000010000000000000011 /* UsageDashboardView.swift in Sources */,
				1A0000010000000000000012 /* OtherDashboardViews.swift in Sources */,
				1A0000010000000000000013 /* ProviderEditorView.swift in Sources */,
				1A0000010000000000000016 /* SkillRepository.swift in Sources */,
				1A0000010000000000000017 /* SkillListStore.swift in Sources */,
				1A0000010000000000000018 /* SkillsDashboardView.swift in Sources */,
			);
			runOnlyForDeploymentPostprocessing = 0;
		};
/* End PBXSourcesBuildPhase section */

/* Begin XCBuildConfiguration section */
		1A0000010000000000000601 /* Debug */ = {
			isa = XCBuildConfiguration;
			buildSettings = {
				ALWAYS_SEARCH_USER_PATHS = NO;
				CLANG_ANALYZER_NONNULL = YES;
				CLANG_ANALYZER_NUMBER_OBJECT_CONVERSION = YES_AGGRESSIVE;
				CLANG_CXX_LANGUAGE_STANDARD = "gnu++20";
				CLANG_ENABLE_MODULES = YES;
				CLANG_ENABLE_OBJC_ARC = YES;
				CLANG_ENABLE_OBJC_WEAK = YES;
				CLANG_WARN_BLOCK_CAPTURE_AUTORELEASING = YES;
				CLANG_WARN_BOOL_CONVERSION = YES;
				CLANG_WARN_COMMA = YES;
				CLANG_WARN_CONSTANT_CONVERSION = YES;
				CLANG_WARN_DEPRECATED_OBJC_IMPLEMENTATIONS = YES;
				CLANG_WARN_DIRECT_OBJC_ISA_USAGE = YES_ERROR;
				CLANG_WARN_DOCUMENTATION_COMMENTS = YES;
				CLANG_WARN_EMPTY_BODY = YES;
				CLANG_WARN_ENUM_CONVERSION = YES;
				CLANG_WARN_INFINITE_RECURSION = YES;
				CLANG_WARN_INT_CONVERSION = YES;
				CLANG_WARN_NON_LITERAL_NULL_CONVERSION = YES;
				CLANG_WARN_OBJC_IMPLICIT_RETAIN_SELF = YES;
				CLANG_WARN_OBJC_LITERAL_CONVERSION = YES;
				CLANG_WARN_OBJC_ROOT_CLASS = YES_ERROR;
				CLANG_WARN_QUOTED_INCLUDE_IN_FRAMEWORK_HEADER = YES;
				CLANG_WARN_RANGE_LOOP_ANALYSIS = YES;
				CLANG_WARN_STRICT_PROTOTYPES = YES;
				CLANG_WARN_SUSPICIOUS_MOVE = YES;
				CLANG_WARN_UNGUARDED_AVAILABILITY = YES_AGGRESSIVE;
				CLANG_WARN_UNREACHABLE_CODE = YES;
				CLANG_WARN__DUPLICATE_METHOD_MATCH = YES;
				COPY_PHASE_STRIP = NO;
				DEBUG_INFORMATION_FORMAT = dwarf;
				ENABLE_STRICT_OBJC_MSGSEND = YES;
				ENABLE_TESTABILITY = YES;
				ENABLE_USER_SCRIPT_SANDBOXING = YES;
				GCC_C_LANGUAGE_STANDARD = gnu17;
				GCC_DYNAMIC_NO_PIC = NO;
				GCC_NO_COMMON_BLOCKS = YES;
				GCC_OPTIMIZATION_LEVEL = 0;
				GCC_PREPROCESSOR_DEFINITIONS = (
					"DEBUG=1",
					"$(inherited)",
				);
				GCC_WARN_64_TO_32_BIT_CONVERSION = YES;
				GCC_WARN_ABOUT_RETURN_TYPE = YES_ERROR;
				GCC_WARN_UNDECLARED_SELECTOR = YES;
				GCC_WARN_UNINITIALIZED_AUTOS = YES_AGGRESSIVE;
				GCC_WARN_UNUSED_FUNCTION = YES;
				GCC_WARN_UNUSED_VARIABLE = YES;
				LOCALIZATION_PREFERS_STRING_CATALOGS = YES;
				MACOSX_DEPLOYMENT_TARGET = 14.0;
				MTL_ENABLE_DEBUG_INFO = INCLUDE_SOURCE;
				MTL_FAST_MATH = YES;
				ONLY_ACTIVE_ARCH = YES;
				SDKROOT = macosx;
				SWIFT_ACTIVE_COMPILATION_CONDITIONS = "DEBUG $(inherited)";
				SWIFT_OPTIMIZATION_LEVEL = "-Onone";
			};
			name = Debug;
		};
		1A0000010000000000000602 /* Release */ = {
			isa = XCBuildConfiguration;
			buildSettings = {
				ALWAYS_SEARCH_USER_PATHS = NO;
				CLANG_ANALYZER_NONNULL = YES;
				CLANG_ANALYZER_NUMBER_OBJECT_CONVERSION = YES_AGGRESSIVE;
				CLANG_CXX_LANGUAGE_STANDARD = "gnu++20";
				CLANG_ENABLE_MODULES = YES;
				CLANG_ENABLE_OBJC_ARC = YES;
				CLANG_ENABLE_OBJC_WEAK = YES;
				CLANG_WARN_BLOCK_CAPTURE_AUTORELEASING = YES;
				CLANG_WARN_BOOL_CONVERSION = YES;
				CLANG_WARN_COMMA = YES;
				CLANG_WARN_CONSTANT_CONVERSION = YES;
				CLANG_WARN_DEPRECATED_OBJC_IMPLEMENTATIONS = YES;
				CLANG_WARN_DIRECT_OBJC_ISA_USAGE = YES_ERROR;
				CLANG_WARN_DOCUMENTATION_COMMENTS = YES;
				CLANG_WARN_EMPTY_BODY = YES;
				CLANG_WARN_ENUM_CONVERSION = YES;
				CLANG_WARN_INFINITE_RECURSION = YES;
				CLANG_WARN_INT_CONVERSION = YES;
				CLANG_WARN_NON_LITERAL_NULL_CONVERSION = YES;
				CLANG_WARN_OBJC_IMPLICIT_RETAIN_SELF = YES;
				CLANG_WARN_OBJC_LITERAL_CONVERSION = YES;
				CLANG_WARN_OBJC_ROOT_CLASS = YES_ERROR;
				CLANG_WARN_QUOTED_INCLUDE_IN_FRAMEWORK_HEADER = YES;
				CLANG_WARN_RANGE_LOOP_ANALYSIS = YES;
				CLANG_WARN_STRICT_PROTOTYPES = YES;
				CLANG_WARN_SUSPICIOUS_MOVE = YES;
				CLANG_WARN_UNGUARDED_AVAILABILITY = YES_AGGRESSIVE;
				CLANG_WARN_UNREACHABLE_CODE = YES;
				CLANG_WARN__DUPLICATE_METHOD_MATCH = YES;
				COPY_PHASE_STRIP = NO;
				DEBUG_INFORMATION_FORMAT = "dwarf-with-dsym";
				ENABLE_NS_ASSERTIONS = NO;
				ENABLE_STRICT_OBJC_MSGSEND = YES;
				ENABLE_USER_SCRIPT_SANDBOXING = YES;
				GCC_C_LANGUAGE_STANDARD = gnu17;
				GCC_NO_COMMON_BLOCKS = YES;
				GCC_WARN_64_TO_32_BIT_CONVERSION = YES;
				GCC_WARN_ABOUT_RETURN_TYPE = YES_ERROR;
				GCC_WARN_UNDECLARED_SELECTOR = YES;
				GCC_WARN_UNINITIALIZED_AUTOS = YES_AGGRESSIVE;
				GCC_WARN_UNUSED_FUNCTION = YES;
				GCC_WARN_UNUSED_VARIABLE = YES;
				LOCALIZATION_PREFERS_STRING_CATALOGS = YES;
				MACOSX_DEPLOYMENT_TARGET = 14.0;
				MTL_ENABLE_DEBUG_INFO = NO;
				MTL_FAST_MATH = YES;
				SDKROOT = macosx;
				SWIFT_COMPILATION_MODE = wholemodule;
			};
			name = Release;
		};
		1A0000010000000000000603 /* Debug */ = {
			isa = XCBuildConfiguration;
			buildSettings = {
				ASSETCATALOG_COMPILER_APPICON_NAME = AppIcon;
				CODE_SIGN_IDENTITY = "-";
				CODE_SIGN_STYLE = Manual;
				COMBINE_HIDPI_IMAGES = YES;
				CURRENT_PROJECT_VERSION = 1;
				DEVELOPMENT_TEAM = "";
				ENABLE_HARDENED_RUNTIME = YES;
				GENERATE_INFOPLIST_FILE = YES;
				INFOPLIST_KEY_CFBundleDisplayName = "zhz swich";
				INFOPLIST_KEY_CFBundleIconFile = AppIcon;
				INFOPLIST_KEY_CFBundleIconName = AppIcon;
				INFOPLIST_KEY_LSApplicationCategoryType = "public.app-category.utilities";
				INFOPLIST_KEY_NSHumanReadableCopyright = "Copyright 2026 zhz";
				MACOSX_DEPLOYMENT_TARGET = 14.0;
				MARKETING_VERSION = 0.1.0;
				PRODUCT_BUNDLE_IDENTIFIER = com.zhz.swich;
				PRODUCT_NAME = "zhz swich";
				SDKROOT = macosx;
				SWIFT_EMIT_LOC_STRINGS = YES;
				SWIFT_VERSION = 6.0;
			};
			name = Debug;
		};
		1A0000010000000000000604 /* Release */ = {
			isa = XCBuildConfiguration;
			buildSettings = {
				ASSETCATALOG_COMPILER_APPICON_NAME = AppIcon;
				CODE_SIGN_IDENTITY = "-";
				CODE_SIGN_STYLE = Manual;
				COMBINE_HIDPI_IMAGES = YES;
				CURRENT_PROJECT_VERSION = 1;
				DEVELOPMENT_TEAM = "";
				ENABLE_HARDENED_RUNTIME = YES;
				GENERATE_INFOPLIST_FILE = YES;
				INFOPLIST_KEY_CFBundleDisplayName = "zhz swich";
				INFOPLIST_KEY_CFBundleIconFile = AppIcon;
				INFOPLIST_KEY_CFBundleIconName = AppIcon;
				INFOPLIST_KEY_LSApplicationCategoryType = "public.app-category.utilities";
				INFOPLIST_KEY_NSHumanReadableCopyright = "Copyright 2026 zhz";
				MACOSX_DEPLOYMENT_TARGET = 14.0;
				MARKETING_VERSION = 0.1.0;
				PRODUCT_BUNDLE_IDENTIFIER = com.zhz.swich;
				PRODUCT_NAME = "zhz swich";
				SDKROOT = macosx;
				SWIFT_EMIT_LOC_STRINGS = YES;
				SWIFT_VERSION = 6.0;
			};
			name = Release;
		};
/* End XCBuildConfiguration section */

/* Begin XCConfigurationList section */
		1A0000010000000000000701 /* Build configuration list for PBXProject "ZhzSwitch" */ = {
			isa = XCConfigurationList;
			buildConfigurations = (
				1A0000010000000000000601 /* Debug */,
				1A0000010000000000000602 /* Release */,
			);
			defaultConfigurationIsVisible = 0;
			defaultConfigurationName = Release;
		};
		1A0000010000000000000702 /* Build configuration list for PBXNativeTarget "ZhzSwitchApp" */ = {
			isa = XCConfigurationList;
			buildConfigurations = (
				1A0000010000000000000603 /* Debug */,
				1A0000010000000000000604 /* Release */,
			);
			defaultConfigurationIsVisible = 0;
			defaultConfigurationName = Release;
		};
/* End XCConfigurationList section */
	};
	rootObject = 1A0000010000000000000501 /* Project object */;
}
